{
  "name": "yummyshopping",
  "version": "1.0.0",
  "lockfileVersion": 1,
  "requires": true,
  "dependencies": {
    "@minui/wxc-tab": {
      "version": "1.0.5",
      "resolved": "https://registry.npmjs.org/@minui/wxc-tab/-/wxc-tab-1.0.5.tgz",
      "integrity": "sha512-wLlEhBWrSQl98nnrX1u8TmDIcek5hGi9rygs3LrlYjgIWnuMYVK38Ne+vLLtNMxXDYRAskApNa75/bntwd99Ug=="
    }
  }
}
