{
  "name": "yummyshopping",
  "version": "1.0.0",
  "lockfileVersion": 1,
  "requires": true,
  "dependencies": {
    "@minui/wxc-tab": {
      "version": "1.0.3",
      "resolved": "https://registry.npmjs.org/@minui/wxc-tab/-/wxc-tab-1.0.3.tgz",
      "integrity": "sha512-kOYGLH3oJ64SC8ysnINX1iLaG63/uc4WkoNC1XF5Dg8fRrvxD1nhXCfIV0cbAohoVc8u+N/pzHmjJwgyDICP2w=="
    }
  }
}
